<?xml version="1.0" encoding="utf-8"?>
<Project ToolsVersion="4.0" xmlns="http://schemas.microsoft.com/developer/msbuild/2003">
  <ItemGroup>
    <Filter Include="Fichiers sources">
      <UniqueIdentifier>{4FC737F1-C7A5-4376-A066-2A32D752A2FF}</UniqueIdentifier>
      <Extensions>cpp;c;cc;cxx;def;odl;idl;hpj;bat;asm;asmx</Extensions>
    </Filter>
    <Filter Include="Fichiers d%27en-tête">
      <UniqueIdentifier>{93995380-89BD-4b04-88EB-625FBE52EBFB}</UniqueIdentifier>
      <Extensions>h;hpp;hxx;hm;inl;inc;xsd</Extensions>
    </Filter>
    <Filter Include="Fichiers de ressources">
      <UniqueIdentifier>{67DA6AB6-F800-4c08-8B7A-83BB121AAD01}</UniqueIdentifier>
      <Extensions>rc;ico;cur;bmp;dlg;rc2;rct;bin;rgs;gif;jpg;jpeg;jpe;resx;tiff;tif;png;wav</Extensions>
    </Filter>
    <Filter Include="Fichiers d%27en-tête\PirateSimulator">
      <UniqueIdentifier>{4bfc4b30-3509-4211-bbb8-38e38b8b1070}</UniqueIdentifier>
    </Filter>
    <Filter Include="Fichiers sources\PirateSimulator">
      <UniqueIdentifier>{9ac6fd63-37b8-46cb-b4a3-e2bc9a718a97}</UniqueIdentifier>
    </Filter>
    <Filter Include="Fichiers d%27en-tête\PirateSimulator\Config">
      <UniqueIdentifier>{264400cd-f7c5-4558-9323-7485946dccbb}</UniqueIdentifier>
    </Filter>
    <Filter Include="Fichiers sources\PirateSimulator\Config">
      <UniqueIdentifier>{fb917fb2-1066-421a-9b27-93cbe4ed2245}</UniqueIdentifier>
    </Filter>
    <Filter Include="Fichiers d%27en-tête\PirateSimulator\Tasks">
      <UniqueIdentifier>{8950964b-bccd-426b-9b40-ab8235f34ed7}</UniqueIdentifier>
    </Filter>
    <Filter Include="Fichiers sources\PirateSimulator\Tasks">
      <UniqueIdentifier>{3a123f51-47f3-4585-80bf-16e8cd51f6b4}</UniqueIdentifier>
    </Filter>
    <Filter Include="Fichiers sources\PirateSimulator\Manager">
      <UniqueIdentifier>{950addea-863f-41e5-af88-c1ce3384b5b1}</UniqueIdentifier>
    </Filter>
    <Filter Include="Fichiers sources\PirateSimulator\Behaviour">
      <UniqueIdentifier>{b15cc42f-5630-4d04-9c0b-b06d0f048e0c}</UniqueIdentifier>
    </Filter>
    <Filter Include="Fichiers d%27en-tête\PirateSimulator\Behaviour">
      <UniqueIdentifier>{baddefc6-ee1a-40f6-8be6-bbdc290ddb72}</UniqueIdentifier>
    </Filter>
    <Filter Include="Fichiers d%27en-tête\PirateSimulator\Manager">
      <UniqueIdentifier>{264923d9-ce3d-431e-ad83-f10a87f6dde3}</UniqueIdentifier>
    </Filter>
    <Filter Include="Fichiers d%27en-tête\PirateSimulator\Notifier">
      <UniqueIdentifier>{d2eb27eb-fecd-44ec-804e-f5737ee953d4}</UniqueIdentifier>
    </Filter>
    <Filter Include="Fichiers d%27en-tête\PirateSimulator\Maths">
      <UniqueIdentifier>{374ad445-7e66-47b3-8bdc-7418a26eb161}</UniqueIdentifier>
    </Filter>
    <Filter Include="Fichiers d%27en-tête\PirateSimulator\Meshs">
      <UniqueIdentifier>{d44e076e-b2c6-42ef-aed0-6d44d09c3b6f}</UniqueIdentifier>
    </Filter>
    <Filter Include="Fichiers sources\PirateSimulator\Meshs">
      <UniqueIdentifier>{c1e4bbc4-ada4-49ac-89aa-ab1edf58fdf5}</UniqueIdentifier>
    </Filter>
    <Filter Include="Fichiers sources\PirateSimulator\Maths">
      <UniqueIdentifier>{d9e7bad4-f728-474f-92dc-c3e30d744282}</UniqueIdentifier>
    </Filter>
    <Filter Include="Fichiers sources\PirateSimulator\Notifier">
      <UniqueIdentifier>{26ad8a2f-d7d0-410f-abed-75b12f319c51}</UniqueIdentifier>
    </Filter>
  </ItemGroup>
  <ItemGroup>
    <ClCompile Include="Moteur.cpp">
      <Filter>Fichiers sources</Filter>
    </ClCompile>
    <ClCompile Include="MoteurWindows.cpp">
      <Filter>Fichiers sources</Filter>
    </ClCompile>
    <ClCompile Include="PetitMoteur3D.cpp">
      <Filter>Fichiers sources</Filter>
    </ClCompile>
    <ClCompile Include="stdafx.cpp">
      <Filter>Fichiers sources</Filter>
    </ClCompile>
    <ClCompile Include="Bloc.cpp">
      <Filter>Fichiers sources</Filter>
    </ClCompile>
    <ClCompile Include="InfoDispositif.cpp">
      <Filter>Fichiers sources</Filter>
    </ClCompile>
    <ClCompile Include="BlocEffet1.cpp">
      <Filter>Fichiers sources</Filter>
    </ClCompile>
    <ClCompile Include="Texture.cpp">
      <Filter>Fichiers sources</Filter>
    </ClCompile>
    <ClCompile Include="GestionnaireDeTextures.cpp">
      <Filter>Fichiers sources</Filter>
    </ClCompile>
    <ClCompile Include="ChargeurOBJ.cpp">
      <Filter>Fichiers sources</Filter>
    </ClCompile>
    <ClCompile Include="ObjetMesh.cpp">
      <Filter>Fichiers sources</Filter>
    </ClCompile>
    <ClCompile Include="DDSTextureLoader.cpp">
      <Filter>Fichiers sources</Filter>
    </ClCompile>
    <ClCompile Include="AfficheurSprite.cpp">
      <Filter>Fichiers sources</Filter>
    </ClCompile>
    <ClCompile Include="AfficheurTexte.cpp">
      <Filter>Fichiers sources</Filter>
    </ClCompile>
    <ClCompile Include="DIManipulateur.cpp">
      <Filter>Fichiers sources</Filter>
    </ClCompile>
    <ClCompile Include="..\..\PirateSimulator\BaseCamera.cpp">
      <Filter>Fichiers sources\PirateSimulator</Filter>
    </ClCompile>
    <ClCompile Include="..\..\PirateSimulator\GameObject.cpp">
      <Filter>Fichiers sources\PirateSimulator</Filter>
    </ClCompile>
    <ClCompile Include="Config\Config.cpp">
      <Filter>Fichiers sources\PirateSimulator\Config</Filter>
    </ClCompile>
    <ClCompile Include="..\..\PirateSimulator\TimeTask.cpp">
      <Filter>Fichiers sources\PirateSimulator\Tasks</Filter>
    </ClCompile>
    <ClCompile Include="..\..\PirateSimulator\RenderTask.cpp">
      <Filter>Fichiers sources\PirateSimulator\Tasks</Filter>
    </ClCompile>
    <ClCompile Include="..\..\PirateSimulator\PhysicsTask.cpp">
      <Filter>Fichiers sources\PirateSimulator\Tasks</Filter>
    </ClCompile>
    <ClCompile Include="..\..\PirateSimulator\InputTask.cpp">
      <Filter>Fichiers sources\PirateSimulator\Tasks</Filter>
    </ClCompile>
    <ClCompile Include="..\..\PirateSimulator\PlayerTask.cpp">
      <Filter>Fichiers sources\PirateSimulator\Tasks</Filter>
    </ClCompile>
    <ClCompile Include="..\..\PirateSimulator\CameraManager.cpp">
      <Filter>Fichiers sources\PirateSimulator\Manager</Filter>
    </ClCompile>
    <ClCompile Include="..\..\PirateSimulator\FilesManager.cpp">
      <Filter>Fichiers sources\PirateSimulator\Manager</Filter>
    </ClCompile>
    <ClCompile Include="..\..\PirateSimulator\GameObjectManager.cpp">
      <Filter>Fichiers sources\PirateSimulator\Manager</Filter>
    </ClCompile>
    <ClCompile Include="..\..\PirateSimulator\InputManager.cpp">
      <Filter>Fichiers sources\PirateSimulator\Manager</Filter>
    </ClCompile>
    <ClCompile Include="..\..\PirateSimulator\RendererManager.cpp">
      <Filter>Fichiers sources\PirateSimulator\Manager</Filter>
    </ClCompile>
    <ClCompile Include="..\..\PirateSimulator\TaskManager.cpp">
      <Filter>Fichiers sources\PirateSimulator\Manager</Filter>
    </ClCompile>
    <ClCompile Include="..\..\PirateSimulator\TimeManager.cpp">
      <Filter>Fichiers sources\PirateSimulator\Manager</Filter>
    </ClCompile>
    <ClCompile Include="..\..\PirateSimulator\FreeCameraBehaviour.cpp">
      <Filter>Fichiers sources\PirateSimulator\Behaviour</Filter>
    </ClCompile>
    <ClCompile Include="..\..\PirateSimulator\LevelCameraBehaviour.cpp">
      <Filter>Fichiers sources\PirateSimulator\Behaviour</Filter>
    </ClCompile>
    <ClCompile Include="..\..\PirateSimulator\ObjectCameraBehaviour.cpp">
      <Filter>Fichiers sources\PirateSimulator\Behaviour</Filter>
    </ClCompile>
    <ClCompile Include="..\..\PirateSimulator\PlayerBehaviour.cpp">
      <Filter>Fichiers sources\PirateSimulator\Behaviour</Filter>
    </ClCompile>
    <ClCompile Include="..\..\PirateSimulator\TestBehaviour.cpp">
      <Filter>Fichiers sources\PirateSimulator\Behaviour</Filter>
    </ClCompile>
    <ClCompile Include="..\..\PirateSimulator\VehicleBehaviour.cpp">
      <Filter>Fichiers sources\PirateSimulator\Behaviour</Filter>
    </ClCompile>
    <ClCompile Include="..\..\PirateSimulator\BinaryFast.cpp">
      <Filter>Fichiers sources\PirateSimulator</Filter>
    </ClCompile>
    <ClCompile Include="..\..\PirateSimulator\Terrain.cpp">
      <Filter>Fichiers sources\PirateSimulator\Meshs</Filter>
    </ClCompile>
    <ClCompile Include="..\..\PirateSimulator\Skybox.cpp">
      <Filter>Fichiers sources\PirateSimulator\Meshs</Filter>
    </ClCompile>
    <ClCompile Include="..\..\PirateSimulator\Plane.cpp">
      <Filter>Fichiers sources\PirateSimulator\Meshs</Filter>
    </ClCompile>
    <ClCompile Include="..\..\PirateSimulator\Mesh.cpp">
      <Filter>Fichiers sources\PirateSimulator\Meshs</Filter>
    </ClCompile>
    <ClCompile Include="..\..\PirateSimulator\BlocMeshStructure.cpp">
      <Filter>Fichiers sources\PirateSimulator\Meshs</Filter>
    </ClCompile>
    <ClCompile Include="..\..\PirateSimulator\BlocMesh.cpp">
      <Filter>Fichiers sources\PirateSimulator\Meshs</Filter>
    </ClCompile>
    <ClCompile Include="..\..\PirateSimulator\Vertex.cpp">
      <Filter>Fichiers sources\PirateSimulator\Maths</Filter>
    </ClCompile>
    <ClCompile Include="..\..\PirateSimulator\Vect3f.cpp">
      <Filter>Fichiers sources\PirateSimulator\Maths</Filter>
    </ClCompile>
    <ClCompile Include="..\..\PirateSimulator\Triangle.cpp">
      <Filter>Fichiers sources\PirateSimulator\Maths</Filter>
    </ClCompile>
    <ClCompile Include="..\..\PirateSimulator\Transform.cpp">
      <Filter>Fichiers sources\PirateSimulator\Maths</Filter>
    </ClCompile>
    <ClCompile Include="..\..\PirateSimulator\NotifierManager.cpp">
      <Filter>Fichiers sources\PirateSimulator\Notifier</Filter>
    </ClCompile>
    <ClCompile Include="sommetbloc.cpp">
      <Filter>Fichiers sources</Filter>
    </ClCompile>
    <ClCompile Include="dispositifD3D11.cpp">
      <Filter>Fichiers sources</Filter>
    </ClCompile>
    <ClCompile Include="..\..\PirateSimulator\GameConfig.cpp">
      <Filter>Fichiers sources\PirateSimulator\Config</Filter>
    </ClCompile>
  </ItemGroup>
  <ItemGroup>
    <ClInclude Include="Moteur.h">
      <Filter>Fichiers d%27en-tête</Filter>
    </ClInclude>
    <ClInclude Include="MoteurWindows.h">
      <Filter>Fichiers d%27en-tête</Filter>
    </ClInclude>
    <ClInclude Include="PetitMoteur3D.h">
      <Filter>Fichiers d%27en-tête</Filter>
    </ClInclude>
    <ClInclude Include="Resource.h">
      <Filter>Fichiers d%27en-tête</Filter>
    </ClInclude>
    <ClInclude Include="stdafx.h">
      <Filter>Fichiers d%27en-tête</Filter>
    </ClInclude>
    <ClInclude Include="util.h">
      <Filter>Fichiers d%27en-tête</Filter>
    </ClInclude>
    <ClInclude Include="dispositif.h">
      <Filter>Fichiers d%27en-tête</Filter>
    </ClInclude>
    <ClInclude Include="dispositifD3D11.h">
      <Filter>Fichiers d%27en-tête</Filter>
    </ClInclude>
    <ClInclude Include="Bloc.h">
      <Filter>Fichiers d%27en-tête</Filter>
    </ClInclude>
    <ClInclude Include="sommetbloc.h">
      <Filter>Fichiers d%27en-tête</Filter>
    </ClInclude>
    <ClInclude Include="InfoDispositif.h">
      <Filter>Fichiers d%27en-tête</Filter>
    </ClInclude>
    <ClInclude Include="BlocEffet1.h">
      <Filter>Fichiers d%27en-tête</Filter>
    </ClInclude>
    <ClInclude Include="Texture.h">
      <Filter>Fichiers d%27en-tête</Filter>
    </ClInclude>
    <ClInclude Include="GestionnaireDeTextures.h">
      <Filter>Fichiers d%27en-tête</Filter>
    </ClInclude>
    <ClInclude Include="ChargeurOBJ.h">
      <Filter>Fichiers d%27en-tête</Filter>
    </ClInclude>
    <ClInclude Include="chargeur.h">
      <Filter>Fichiers d%27en-tête</Filter>
    </ClInclude>
    <ClInclude Include="ObjetMesh.h">
      <Filter>Fichiers d%27en-tête</Filter>
    </ClInclude>
    <ClInclude Include="DDSTextureLoader.h">
      <Filter>Fichiers d%27en-tête</Filter>
    </ClInclude>
    <ClInclude Include="AfficheurSprite.h">
      <Filter>Fichiers d%27en-tête</Filter>
    </ClInclude>
    <ClInclude Include="AfficheurTexte.h">
      <Filter>Fichiers d%27en-tête</Filter>
    </ClInclude>
    <ClInclude Include="DIManipulateur.h">
      <Filter>Fichiers d%27en-tête</Filter>
    </ClInclude>
    <ClInclude Include="..\..\PirateSimulator\BaseCamera.h">
      <Filter>Fichiers d%27en-tête\PirateSimulator</Filter>
    </ClInclude>
    <ClInclude Include="..\..\PirateSimulator\Component.h">
      <Filter>Fichiers d%27en-tête\PirateSimulator</Filter>
    </ClInclude>
    <ClInclude Include="..\..\PirateSimulator\Material.h">
      <Filter>Fichiers d%27en-tête\PirateSimulator</Filter>
    </ClInclude>
    <ClInclude Include="..\..\PirateSimulator\Effect.h">
      <Filter>Fichiers d%27en-tête\PirateSimulator</Filter>
    </ClInclude>
    <ClInclude Include="..\..\PirateSimulator\RessourceManager.h">
      <Filter>Fichiers d%27en-tête</Filter>
    </ClInclude>
    <ClInclude Include="..\..\PirateSimulator\GameObject.h">
      <Filter>Fichiers d%27en-tête\PirateSimulator</Filter>
    </ClInclude>
    <ClInclude Include="..\..\PirateSimulator\RessourceManager.h">
      <Filter>Fichiers d%27en-tête</Filter>
    </ClInclude>
    <ClInclude Include="Config\Config.hpp">
      <Filter>Fichiers d%27en-tête\PirateSimulator\Config</Filter>
    </ClInclude>
    <ClInclude Include="..\..\PirateSimulator\TimeTask.h">
      <Filter>Fichiers d%27en-tête\PirateSimulator\Tasks</Filter>
    </ClInclude>
    <ClInclude Include="..\..\PirateSimulator\InputTask.h">
      <Filter>Fichiers d%27en-tête\PirateSimulator\Tasks</Filter>
    </ClInclude>
    <ClInclude Include="..\..\PirateSimulator\RenderTask.h">
      <Filter>Fichiers d%27en-tête\PirateSimulator\Tasks</Filter>
    </ClInclude>
    <ClInclude Include="..\..\PirateSimulator\PhysicsTask.h">
      <Filter>Fichiers d%27en-tête\PirateSimulator\Tasks</Filter>
    </ClInclude>
    <ClInclude Include="..\..\PirateSimulator\PlayerTask.h">
      <Filter>Fichiers d%27en-tête\PirateSimulator\Tasks</Filter>
    </ClInclude>
    <ClInclude Include="..\..\PirateSimulator\CameraManager.h">
      <Filter>Fichiers d%27en-tête\PirateSimulator\Manager</Filter>
    </ClInclude>
    <ClInclude Include="..\..\PirateSimulator\FilesManager.h">
      <Filter>Fichiers d%27en-tête\PirateSimulator\Manager</Filter>
    </ClInclude>
    <ClInclude Include="..\..\PirateSimulator\GameObjectManager.h">
      <Filter>Fichiers d%27en-tête\PirateSimulator\Manager</Filter>
    </ClInclude>
    <ClInclude Include="..\..\PirateSimulator\InputManager.h">
      <Filter>Fichiers d%27en-tête\PirateSimulator\Manager</Filter>
    </ClInclude>
    <ClInclude Include="..\..\PirateSimulator\RendererManager.h">
      <Filter>Fichiers d%27en-tête\PirateSimulator\Manager</Filter>
    </ClInclude>
    <ClInclude Include="..\..\PirateSimulator\RessourceManager.h">
      <Filter>Fichiers d%27en-tête\PirateSimulator\Manager</Filter>
    </ClInclude>
    <ClInclude Include="..\..\PirateSimulator\TaskManager.h">
      <Filter>Fichiers d%27en-tête\PirateSimulator\Manager</Filter>
    </ClInclude>
    <ClInclude Include="..\..\PirateSimulator\TimeManager.h">
      <Filter>Fichiers d%27en-tête\PirateSimulator\Manager</Filter>
    </ClInclude>
    <ClInclude Include="..\..\PirateSimulator\FreeCameraBehaviour.h">
      <Filter>Fichiers d%27en-tête\PirateSimulator\Behaviour</Filter>
    </ClInclude>
    <ClInclude Include="..\..\PirateSimulator\LevelCameraBehaviour.h">
      <Filter>Fichiers d%27en-tête\PirateSimulator\Behaviour</Filter>
    </ClInclude>
    <ClInclude Include="..\..\PirateSimulator\ObjectCameraBehaviour.h">
      <Filter>Fichiers d%27en-tête\PirateSimulator\Behaviour</Filter>
    </ClInclude>
    <ClInclude Include="..\..\PirateSimulator\PlayerBehaviour.h">
      <Filter>Fichiers d%27en-tête\PirateSimulator\Behaviour</Filter>
    </ClInclude>
    <ClInclude Include="..\..\PirateSimulator\TestBehaviour.h">
      <Filter>Fichiers d%27en-tête\PirateSimulator\Behaviour</Filter>
    </ClInclude>
    <ClInclude Include="..\..\PirateSimulator\VehicleBehaviour.h">
      <Filter>Fichiers d%27en-tête\PirateSimulator\Behaviour</Filter>
    </ClInclude>
    <ClInclude Include="..\..\PirateSimulator\BinaryFast.h">
      <Filter>Fichiers d%27en-tête\PirateSimulator</Filter>
    </ClInclude>
    <ClInclude Include="..\..\PirateSimulator\DebugD3D11Custom.h">
      <Filter>Fichiers d%27en-tête\PirateSimulator</Filter>
    </ClInclude>
    <ClInclude Include="..\..\PirateSimulator\Notifier.h">
      <Filter>Fichiers d%27en-tête\PirateSimulator\Notifier</Filter>
    </ClInclude>
    <ClInclude Include="..\..\PirateSimulator\NotifierManager.h">
      <Filter>Fichiers d%27en-tête\PirateSimulator\Notifier</Filter>
    </ClInclude>
    <ClInclude Include="..\..\PirateSimulator\Vertex.h">
      <Filter>Fichiers d%27en-tête\PirateSimulator\Maths</Filter>
    </ClInclude>
    <ClInclude Include="..\..\PirateSimulator\Vect3f.h">
      <Filter>Fichiers d%27en-tête\PirateSimulator\Maths</Filter>
    </ClInclude>
    <ClInclude Include="..\..\PirateSimulator\Vect2f.h">
      <Filter>Fichiers d%27en-tête\PirateSimulator\Maths</Filter>
    </ClInclude>
    <ClInclude Include="..\..\PirateSimulator\Triangle.h">
      <Filter>Fichiers d%27en-tête\PirateSimulator\Maths</Filter>
    </ClInclude>
    <ClInclude Include="..\..\PirateSimulator\Transform.h">
      <Filter>Fichiers d%27en-tête\PirateSimulator\Maths</Filter>
    </ClInclude>
    <ClInclude Include="..\..\PirateSimulator\Angle.h">
      <Filter>Fichiers d%27en-tête\PirateSimulator\Maths</Filter>
    </ClInclude>
    <ClInclude Include="..\..\PirateSimulator\IBehaviour.h">
      <Filter>Fichiers d%27en-tête\PirateSimulator\Behaviour</Filter>
    </ClInclude>
    <ClInclude Include="..\..\PirateSimulator\IGameTask.h">
      <Filter>Fichiers d%27en-tête\PirateSimulator\Tasks</Filter>
    </ClInclude>
    <ClInclude Include="..\..\PirateSimulator\Terrain.h">
      <Filter>Fichiers d%27en-tête\PirateSimulator\Meshs</Filter>
    </ClInclude>
    <ClInclude Include="..\..\PirateSimulator\Skybox.h">
      <Filter>Fichiers d%27en-tête\PirateSimulator\Meshs</Filter>
    </ClInclude>
    <ClInclude Include="..\..\PirateSimulator\Plane.h">
      <Filter>Fichiers d%27en-tête\PirateSimulator\Meshs</Filter>
    </ClInclude>
    <ClInclude Include="..\..\PirateSimulator\Mesh.h">
      <Filter>Fichiers d%27en-tête\PirateSimulator\Meshs</Filter>
    </ClInclude>
    <ClInclude Include="..\..\PirateSimulator\BlocMesh.h">
      <Filter>Fichiers d%27en-tête\PirateSimulator\Meshs</Filter>
    </ClInclude>
    <ClInclude Include="..\..\PirateSimulator\BlocMeshStructure.h">
      <Filter>Fichiers d%27en-tête\PirateSimulator\Meshs</Filter>
    </ClInclude>
    <ClInclude Include="..\..\PirateSimulator\Moves.h">
      <Filter>Fichiers d%27en-tête\PirateSimulator\Maths</Filter>
    </ClInclude>
    <ClInclude Include="..\..\PirateSimulator\RessourceManager.h">
      <Filter>Fichiers d%27en-tête\PirateSimulator\Manager</Filter>
    </ClInclude>
    <ClInclude Include="..\..\PirateSimulator\GameConfig.h">
      <Filter>Fichiers d%27en-tête\PirateSimulator\Config</Filter>
    </ClInclude>
  </ItemGroup>
  <ItemGroup>
    <None Include="PetitMoteur3D.ico">
      <Filter>Fichiers de ressources</Filter>
    </None>
    <None Include="small.ico">
      <Filter>Fichiers de ressources</Filter>
    </None>
    <None Include="ReadMe.txt" />
    <None Include="Config\Ressources\heightmap.conf">
      <Filter>Fichiers de ressources</Filter>
    </None>
  </ItemGroup>
  <ItemGroup>
    <ResourceCompile Include="PetitMoteur3D.rc">
      <Filter>Fichiers de ressources</Filter>
    </ResourceCompile>
  </ItemGroup>
</Project>